
Microsoft Visual Studio Solution File, Format Version 12.00
# Visual Studio 15
VisualStudioVersion = 15.0.28307.329
MinimumVisualStudioVersion = 10.0.40219.1
Project("{FAE04EC0-301F-11D3-BF4B-00C04F79EFBC}") = "task1-2", "task1-2\task1-2.csproj", "{D19B3A0C-3394-458F-BF01-94F0B59B0F6D}"
EndProject
Global
	GlobalSection(SolutionConfigurationPlatforms) = preSolution
		Debug|Any CPU = Debug|Any CPU
		Release|Any CPU = Release|Any CPU
	EndGlobalSection
	GlobalSection(ProjectConfigurationPlatforms) = postSolution
		{D19B3A0C-3394-458F-BF01-94F0B59B0F6D}.Debug|Any CPU.ActiveCfg = Debug|Any CPU
		{D19B3A0C-3394-458F-BF01-94F0B59B0F6D}.Debug|Any CPU.Build.0 = Debug|Any CPU
		{D19B3A0C-3394-458F-BF01-94F0B59B0F6D}.Release|Any CPU.ActiveCfg = Release|Any CPU
		{D19B3A0C-3394-458F-BF01-94F0B59B0F6D}.Release|Any CPU.Build.0 = Release|Any CPU
	EndGlobalSection
	GlobalSection(SolutionProperties) = preSolution
		HideSolutionNode = FALSE
	EndGlobalSection
	GlobalSection(ExtensibilityGlobals) = postSolution
		SolutionGuid = {86B7701B-7204-42A2-84F1-7B9D85DC8967}
	EndGlobalSection
EndGlobal
