
Microsoft Visual Studio Solution File, Format Version 12.00
# Visual Studio 15
VisualStudioVersion = 15.0.28307.329
MinimumVisualStudioVersion = 10.0.40219.1
Project("{FAE04EC0-301F-11D3-BF4B-00C04F79EFBC}") = "task333", "task333\task333.csproj", "{2204B885-4A44-4D06-9232-5F7AFB045C8E}"
EndProject
Global
	GlobalSection(SolutionConfigurationPlatforms) = preSolution
		Debug|Any CPU = Debug|Any CPU
		Release|Any CPU = Release|Any CPU
	EndGlobalSection
	GlobalSection(ProjectConfigurationPlatforms) = postSolution
		{2204B885-4A44-4D06-9232-5F7AFB045C8E}.Debug|Any CPU.ActiveCfg = Debug|Any CPU
		{2204B885-4A44-4D06-9232-5F7AFB045C8E}.Debug|Any CPU.Build.0 = Debug|Any CPU
		{2204B885-4A44-4D06-9232-5F7AFB045C8E}.Release|Any CPU.ActiveCfg = Release|Any CPU
		{2204B885-4A44-4D06-9232-5F7AFB045C8E}.Release|Any CPU.Build.0 = Release|Any CPU
	EndGlobalSection
	GlobalSection(SolutionProperties) = preSolution
		HideSolutionNode = FALSE
	EndGlobalSection
	GlobalSection(ExtensibilityGlobals) = postSolution
		SolutionGuid = {AD8AEC13-B626-4E44-8198-83E461897858}
	EndGlobalSection
EndGlobal
